version: 2
models:
- name: stg_block
  description: Please summarize the table
  columns:
  - name: id
    description: id
    tests:
    - not_null
  - name: survey_id
    description: survey_id
    tests:
    - not_null
  - name: _fivetran_deleted
    description: _fivetran_deleted
    tests:
    - not_null
  - name: description
    description: description
    tests:
    - not_null
  - name: type
    description: type
    tests:
    - not_null
